// !$*UTF8*$!
{
	archiveVersion = 1;
	classes = {
	};
	objectVersion = 56;
	objects = {

/* Begin PBXBuildFile section */
		43C24FFC2B0DDFAB00C3139E /* FirebaseAnalytics in Frameworks */ = {isa = PBXBuildFile; productRef = 43C24FFB2B0DDFAB00C3139E /* FirebaseAnalytics */; };
		43C24FFE2B0DDFAB00C3139E /* FirebaseAuth in Frameworks */ = {isa = PBXBuildFile; productRef = 43C24FFD2B0DDFAB00C3139E /* FirebaseAuth */; };
		43C250002B0DDFAB00C3139E /* FirebaseAuthCombine-Community in Frameworks */ = {isa = PBXBuildFile; productRef = 43C24FFF2B0DDFAB00C3139E /* FirebaseAuthCombine-Community */; };
		43C250022B0DDFAB00C3139E /* FirebaseCrashlytics in Frameworks */ = {isa = PBXBuildFile; productRef = 43C250012B0DDFAB00C3139E /* FirebaseCrashlytics */; };
		43C250042B0DDFAB00C3139E /* FirebaseDatabase in Frameworks */ = {isa = PBXBuildFile; productRef = 43C250032B0DDFAB00C3139E /* FirebaseDatabase */; };
		43C250062B0DDFAB00C3139E /* FirebaseDatabaseSwift in Frameworks */ = {isa = PBXBuildFile; productRef = 43C250052B0DDFAB00C3139E /* FirebaseDatabaseSwift */; };
		43C250082B0DDFAB00C3139E /* FirebaseDynamicLinks in Frameworks */ = {isa = PBXBuildFile; productRef = 43C250072B0DDFAB00C3139E /* FirebaseDynamicLinks */; };
		43C2500A2B0DDFAB00C3139E /* FirebaseFirestore in Frameworks */ = {isa = PBXBuildFile; productRef = 43C250092B0DDFAB00C3139E /* FirebaseFirestore */; };
		43C2500C2B0DDFAB00C3139E /* FirebaseFirestoreCombine-Community in Frameworks */ = {isa = PBXBuildFile; productRef = 43C2500B2B0DDFAB00C3139E /* FirebaseFirestoreCombine-Community */; };
		43C2500E2B0DDFAB00C3139E /* FirebaseFirestoreSwift in Frameworks */ = {isa = PBXBuildFile; productRef = 43C2500D2B0DDFAB00C3139E /* FirebaseFirestoreSwift */; };
		43C250102B0DDFAB00C3139E /* FirebaseFunctions in Frameworks */ = {isa = PBXBuildFile; productRef = 43C2500F2B0DDFAB00C3139E /* FirebaseFunctions */; };
		43C250122B0DDFAB00C3139E /* FirebaseFunctionsCombine-Community in Frameworks */ = {isa = PBXBuildFile; productRef = 43C250112B0DDFAB00C3139E /* FirebaseFunctionsCombine-Community */; };
		43C250142B0DDFAB00C3139E /* FirebaseInAppMessaging-Beta in Frameworks */ = {isa = PBXBuildFile; productRef = 43C250132B0DDFAB00C3139E /* FirebaseInAppMessaging-Beta */; };
		43C250162B0DDFAB00C3139E /* FirebaseInAppMessagingSwift-Beta in Frameworks */ = {isa = PBXBuildFile; productRef = 43C250152B0DDFAB00C3139E /* FirebaseInAppMessagingSwift-Beta */; };
		43C250182B0DDFAB00C3139E /* FirebaseMessaging in Frameworks */ = {isa = PBXBuildFile; productRef = 43C250172B0DDFAB00C3139E /* FirebaseMessaging */; };
		43C2501A2B0DDFAB00C3139E /* FirebasePerformance in Frameworks */ = {isa = PBXBuildFile; productRef = 43C250192B0DDFAB00C3139E /* FirebasePerformance */; };
		43C2501C2B0DDFAB00C3139E /* FirebaseRemoteConfig in Frameworks */ = {isa = PBXBuildFile; productRef = 43C2501B2B0DDFAB00C3139E /* FirebaseRemoteConfig */; };
		43C2501E2B0DDFAB00C3139E /* FirebaseRemoteConfigSwift in Frameworks */ = {isa = PBXBuildFile; productRef = 43C2501D2B0DDFAB00C3139E /* FirebaseRemoteConfigSwift */; };
		43C250202B0DDFAB00C3139E /* FirebaseStorage in Frameworks */ = {isa = PBXBuildFile; productRef = 43C2501F2B0DDFAB00C3139E /* FirebaseStorage */; };
		43C250222B0DE14200C3139E /* MakeAPlayerView.swift in Sources */ = {isa = PBXBuildFile; fileRef = 43C250212B0DE14200C3139E /* MakeAPlayerView.swift */; };
		43C250242B0DE15C00C3139E /* CreateACoachView.swift in Sources */ = {isa = PBXBuildFile; fileRef = 43C250232B0DE15C00C3139E /* CreateACoachView.swift */; };
		43C250262B0DE17E00C3139E /* CreatePracticeSession.swift in Sources */ = {isa = PBXBuildFile; fileRef = 43C250252B0DE17E00C3139E /* CreatePracticeSession.swift */; };
		43C250282B0DE1A600C3139E /* TeamView.swift in Sources */ = {isa = PBXBuildFile; fileRef = 43C250272B0DE1A600C3139E /* TeamView.swift */; };
		43C2502A2B0DE1BE00C3139E /* ClubView.swift in Sources */ = {isa = PBXBuildFile; fileRef = 43C250292B0DE1BE00C3139E /* ClubView.swift */; };
		43C2502C2B0DE1E300C3139E /* PlayerView.swift in Sources */ = {isa = PBXBuildFile; fileRef = 43C2502B2B0DE1E300C3139E /* PlayerView.swift */; };
		43C2502E2B0DE1F400C3139E /* ProfileView.swift in Sources */ = {isa = PBXBuildFile; fileRef = 43C2502D2B0DE1F400C3139E /* ProfileView.swift */; };
		43C250302B0DE20300C3139E /* PracticeView.swift in Sources */ = {isa = PBXBuildFile; fileRef = 43C2502F2B0DE20300C3139E /* PracticeView.swift */; };
		43C250322B0DE22200C3139E /* LocationHelper.swift in Sources */ = {isa = PBXBuildFile; fileRef = 43C250312B0DE22200C3139E /* LocationHelper.swift */; };
		43C250342B0DF48500C3139E /* LoginView.swift in Sources */ = {isa = PBXBuildFile; fileRef = 43C250332B0DF48500C3139E /* LoginView.swift */; };
		43C250362B0E078700C3139E /* AuthenticationHelper.swift in Sources */ = {isa = PBXBuildFile; fileRef = 43C250352B0E078600C3139E /* AuthenticationHelper.swift */; };
		43D82CC82AFC256B0032E0CA /* TeamxApp.swift in Sources */ = {isa = PBXBuildFile; fileRef = 43D82CC72AFC256B0032E0CA /* TeamxApp.swift */; };
		43D82CCA2AFC256B0032E0CA /* ContentView.swift in Sources */ = {isa = PBXBuildFile; fileRef = 43D82CC92AFC256B0032E0CA /* ContentView.swift */; };
		43D82CCC2AFC25720032E0CA /* Assets.xcassets in Resources */ = {isa = PBXBuildFile; fileRef = 43D82CCB2AFC25720032E0CA /* Assets.xcassets */; };
		43D82CCF2AFC25720032E0CA /* Preview Assets.xcassets in Resources */ = {isa = PBXBuildFile; fileRef = 43D82CCE2AFC25720032E0CA /* Preview Assets.xcassets */; };
		43D82CDD2B0515BA0032E0CA /* Player.swift in Sources */ = {isa = PBXBuildFile; fileRef = 43D82CDC2B0515BA0032E0CA /* Player.swift */; };
		43D82CDF2B0515C90032E0CA /* Coach.swift in Sources */ = {isa = PBXBuildFile; fileRef = 43D82CDE2B0515C90032E0CA /* Coach.swift */; };
		43D82CE12B0515D90032E0CA /* PracticeSession.swift in Sources */ = {isa = PBXBuildFile; fileRef = 43D82CE02B0515D90032E0CA /* PracticeSession.swift */; };
		43D82CE32B0515E40032E0CA /* Team.swift in Sources */ = {isa = PBXBuildFile; fileRef = 43D82CE22B0515E40032E0CA /* Team.swift */; };
		43D82CE52B0515FA0032E0CA /* Club.swift in Sources */ = {isa = PBXBuildFile; fileRef = 43D82CE42B0515FA0032E0CA /* Club.swift */; };
		43D82D1E2B051BA60032E0CA /* GoogleService-Info.plist in Resources */ = {isa = PBXBuildFile; fileRef = 43D82D1D2B051BA00032E0CA /* GoogleService-Info.plist */; };
		43D82D212B051CF30032E0CA /* FireDBHelper.swift in Sources */ = {isa = PBXBuildFile; fileRef = 43D82D202B051CF30032E0CA /* FireDBHelper.swift */; };
		43D82D262B0523630032E0CA /* JoinClubView.swift in Sources */ = {isa = PBXBuildFile; fileRef = 43D82D252B0523620032E0CA /* JoinClubView.swift */; };
		43D82D282B0523940032E0CA /* MakeAClubView.swift in Sources */ = {isa = PBXBuildFile; fileRef = 43D82D272B0523940032E0CA /* MakeAClubView.swift */; };
/* End PBXBuildFile section */

/* Begin PBXFileReference section */
		43C250212B0DE14200C3139E /* MakeAPlayerView.swift */ = {isa = PBXFileReference; lastKnownFileType = sourcecode.swift; path = MakeAPlayerView.swift; sourceTree = "<group>"; };
		43C250232B0DE15C00C3139E /* CreateACoachView.swift */ = {isa = PBXFileReference; lastKnownFileType = sourcecode.swift; path = CreateACoachView.swift; sourceTree = "<group>"; };
		43C250252B0DE17E00C3139E /* CreatePracticeSession.swift */ = {isa = PBXFileReference; lastKnownFileType = sourcecode.swift; path = CreatePracticeSession.swift; sourceTree = "<group>"; };
		43C250272B0DE1A600C3139E /* TeamView.swift */ = {isa = PBXFileReference; lastKnownFileType = sourcecode.swift; path = TeamView.swift; sourceTree = "<group>"; };
		43C250292B0DE1BE00C3139E /* ClubView.swift */ = {isa = PBXFileReference; lastKnownFileType = sourcecode.swift; path = ClubView.swift; sourceTree = "<group>"; };
		43C2502B2B0DE1E300C3139E /* PlayerView.swift */ = {isa = PBXFileReference; lastKnownFileType = sourcecode.swift; path = PlayerView.swift; sourceTree = "<group>"; };
		43C2502D2B0DE1F400C3139E /* ProfileView.swift */ = {isa = PBXFileReference; lastKnownFileType = sourcecode.swift; path = ProfileView.swift; sourceTree = "<group>"; };
		43C2502F2B0DE20300C3139E /* PracticeView.swift */ = {isa = PBXFileReference; lastKnownFileType = sourcecode.swift; path = PracticeView.swift; sourceTree = "<group>"; };
		43C250312B0DE22200C3139E /* LocationHelper.swift */ = {isa = PBXFileReference; lastKnownFileType = sourcecode.swift; path = LocationHelper.swift; sourceTree = "<group>"; };
		43C250332B0DF48500C3139E /* LoginView.swift */ = {isa = PBXFileReference; lastKnownFileType = sourcecode.swift; path = LoginView.swift; sourceTree = "<group>"; };
		43C250352B0E078600C3139E /* AuthenticationHelper.swift */ = {isa = PBXFileReference; lastKnownFileType = sourcecode.swift; path = AuthenticationHelper.swift; sourceTree = "<group>"; };
		43D82CC42AFC256B0032E0CA /* Teamx.app */ = {isa = PBXFileReference; explicitFileType = wrapper.application; includeInIndex = 0; path = Teamx.app; sourceTree = BUILT_PRODUCTS_DIR; };
		43D82CC72AFC256B0032E0CA /* TeamxApp.swift */ = {isa = PBXFileReference; lastKnownFileType = sourcecode.swift; path = TeamxApp.swift; sourceTree = "<group>"; };
		43D82CC92AFC256B0032E0CA /* ContentView.swift */ = {isa = PBXFileReference; lastKnownFileType = sourcecode.swift; path = ContentView.swift; sourceTree = "<group>"; };
		43D82CCB2AFC25720032E0CA /* Assets.xcassets */ = {isa = PBXFileReference; lastKnownFileType = folder.assetcatalog; path = Assets.xcassets; sourceTree = "<group>"; };
		43D82CCE2AFC25720032E0CA /* Preview Assets.xcassets */ = {isa = PBXFileReference; lastKnownFileType = folder.assetcatalog; path = "Preview Assets.xcassets"; sourceTree = "<group>"; };
		43D82CD52AFC25720032E0CA /* Info.plist */ = {isa = PBXFileReference; lastKnownFileType = text.plist.xml; path = Info.plist; sourceTree = "<group>"; };
		43D82CDC2B0515BA0032E0CA /* Player.swift */ = {isa = PBXFileReference; lastKnownFileType = sourcecode.swift; path = Player.swift; sourceTree = "<group>"; };
		43D82CDE2B0515C90032E0CA /* Coach.swift */ = {isa = PBXFileReference; lastKnownFileType = sourcecode.swift; path = Coach.swift; sourceTree = "<group>"; };
		43D82CE02B0515D90032E0CA /* PracticeSession.swift */ = {isa = PBXFileReference; lastKnownFileType = sourcecode.swift; path = PracticeSession.swift; sourceTree = "<group>"; };
		43D82CE22B0515E40032E0CA /* Team.swift */ = {isa = PBXFileReference; lastKnownFileType = sourcecode.swift; path = Team.swift; sourceTree = "<group>"; };
		43D82CE42B0515FA0032E0CA /* Club.swift */ = {isa = PBXFileReference; lastKnownFileType = sourcecode.swift; path = Club.swift; sourceTree = "<group>"; };
		43D82D1D2B051BA00032E0CA /* GoogleService-Info.plist */ = {isa = PBXFileReference; fileEncoding = 4; lastKnownFileType = text.plist.xml; name = "GoogleService-Info.plist"; path = "../../../../../Downloads/GoogleService-Info.plist"; sourceTree = "<group>"; };
		43D82D202B051CF30032E0CA /* FireDBHelper.swift */ = {isa = PBXFileReference; lastKnownFileType = sourcecode.swift; path = FireDBHelper.swift; sourceTree = "<group>"; };
		43D82D252B0523620032E0CA /* JoinClubView.swift */ = {isa = PBXFileReference; lastKnownFileType = sourcecode.swift; path = JoinClubView.swift; sourceTree = "<group>"; };
		43D82D272B0523940032E0CA /* MakeAClubView.swift */ = {isa = PBXFileReference; lastKnownFileType = sourcecode.swift; path = MakeAClubView.swift; sourceTree = "<group>"; };
/* End PBXFileReference section */

/* Begin PBXFrameworksBuildPhase section */
		43D82CC12AFC256B0032E0CA /* Frameworks */ = {
			isa = PBXFrameworksBuildPhase;
			buildActionMask = 2147483647;
			files = (
				43C250142B0DDFAB00C3139E /* FirebaseInAppMessaging-Beta in Frameworks */,
				43C250062B0DDFAB00C3139E /* FirebaseDatabaseSwift in Frameworks */,
				43C250162B0DDFAB00C3139E /* FirebaseInAppMessagingSwift-Beta in Frameworks */,
				43C2501E2B0DDFAB00C3139E /* FirebaseRemoteConfigSwift in Frameworks */,
				43C250042B0DDFAB00C3139E /* FirebaseDatabase in Frameworks */,
				43C2501C2B0DDFAB00C3139E /* FirebaseRemoteConfig in Frameworks */,
				43C24FFC2B0DDFAB00C3139E /* FirebaseAnalytics in Frameworks */,
				43C2500C2B0DDFAB00C3139E /* FirebaseFirestoreCombine-Community in Frameworks */,
				43C2501A2B0DDFAB00C3139E /* FirebasePerformance in Frameworks */,
				43C250202B0DDFAB00C3139E /* FirebaseStorage in Frameworks */,
				43C250022B0DDFAB00C3139E /* FirebaseCrashlytics in Frameworks */,
				43C2500E2B0DDFAB00C3139E /* FirebaseFirestoreSwift in Frameworks */,
				43C250002B0DDFAB00C3139E /* FirebaseAuthCombine-Community in Frameworks */,
				43C2500A2B0DDFAB00C3139E /* FirebaseFirestore in Frameworks */,
				43C250082B0DDFAB00C3139E /* FirebaseDynamicLinks in Frameworks */,
				43C250102B0DDFAB00C3139E /* FirebaseFunctions in Frameworks */,
				43C250182B0DDFAB00C3139E /* FirebaseMessaging in Frameworks */,
				43C24FFE2B0DDFAB00C3139E /* FirebaseAuth in Frameworks */,
				43C250122B0DDFAB00C3139E /* FirebaseFunctionsCombine-Community in Frameworks */,
			);
			runOnlyForDeploymentPostprocessing = 0;
		};
/* End PBXFrameworksBuildPhase section */

/* Begin PBXGroup section */
		43D82CBB2AFC256B0032E0CA = {
			isa = PBXGroup;
			children = (
				43D82CC62AFC256B0032E0CA /* Teamx */,
				43D82CC52AFC256B0032E0CA /* Products */,
			);
			sourceTree = "<group>";
		};
		43D82CC52AFC256B0032E0CA /* Products */ = {
			isa = PBXGroup;
			children = (
				43D82CC42AFC256B0032E0CA /* Teamx.app */,
			);
			name = Products;
			sourceTree = "<group>";
		};
		43D82CC62AFC256B0032E0CA /* Teamx */ = {
			isa = PBXGroup;
			children = (
				43D82D242B0523480032E0CA /* Views */,
				43D82D1F2B051CC70032E0CA /* Helpers */,
				43D82D1D2B051BA00032E0CA /* GoogleService-Info.plist */,
				43D82CDB2B05159C0032E0CA /* model */,
				43D82CC72AFC256B0032E0CA /* TeamxApp.swift */,
				43D82CCB2AFC25720032E0CA /* Assets.xcassets */,
				43D82CD52AFC25720032E0CA /* Info.plist */,
				43D82CCD2AFC25720032E0CA /* Preview Content */,
			);
			path = Teamx;
			sourceTree = "<group>";
		};
		43D82CCD2AFC25720032E0CA /* Preview Content */ = {
			isa = PBXGroup;
			children = (
				43D82CCE2AFC25720032E0CA /* Preview Assets.xcassets */,
			);
			path = "Preview Content";
			sourceTree = "<group>";
		};
		43D82CDB2B05159C0032E0CA /* model */ = {
			isa = PBXGroup;
			children = (
				43D82CDC2B0515BA0032E0CA /* Player.swift */,
				43D82CDE2B0515C90032E0CA /* Coach.swift */,
				43D82CE02B0515D90032E0CA /* PracticeSession.swift */,
				43D82CE22B0515E40032E0CA /* Team.swift */,
				43D82CE42B0515FA0032E0CA /* Club.swift */,
			);
			path = model;
			sourceTree = "<group>";
		};
		43D82D1F2B051CC70032E0CA /* Helpers */ = {
			isa = PBXGroup;
			children = (
				43D82D202B051CF30032E0CA /* FireDBHelper.swift */,
				43C250312B0DE22200C3139E /* LocationHelper.swift */,
				43C250352B0E078600C3139E /* AuthenticationHelper.swift */,
			);
			path = Helpers;
			sourceTree = "<group>";
		};
		43D82D242B0523480032E0CA /* Views */ = {
			isa = PBXGroup;
			children = (
				43D82CC92AFC256B0032E0CA /* ContentView.swift */,
				43D82D252B0523620032E0CA /* JoinClubView.swift */,
				43D82D272B0523940032E0CA /* MakeAClubView.swift */,
				43C250212B0DE14200C3139E /* MakeAPlayerView.swift */,
				43C250232B0DE15C00C3139E /* CreateACoachView.swift */,
				43C250252B0DE17E00C3139E /* CreatePracticeSession.swift */,
				43C250272B0DE1A600C3139E /* TeamView.swift */,
				43C250292B0DE1BE00C3139E /* ClubView.swift */,
				43C2502B2B0DE1E300C3139E /* PlayerView.swift */,
				43C2502D2B0DE1F400C3139E /* ProfileView.swift */,
				43C2502F2B0DE20300C3139E /* PracticeView.swift */,
				43C250332B0DF48500C3139E /* LoginView.swift */,
			);
			path = Views;
			sourceTree = "<group>";
		};
/* End PBXGroup section */

/* Begin PBXNativeTarget section */
		43D82CC32AFC256B0032E0CA /* Teamx */ = {
			isa = PBXNativeTarget;
			buildConfigurationList = 43D82CD82AFC25720032E0CA /* Build configuration list for PBXNativeTarget "Teamx" */;
			buildPhases = (
				43D82CC02AFC256B0032E0CA /* Sources */,
				43D82CC12AFC256B0032E0CA /* Frameworks */,
				43D82CC22AFC256B0032E0CA /* Resources */,
			);
			buildRules = (
			);
			dependencies = (
			);
			name = Teamx;
			packageProductDependencies = (
				43C24FFB2B0DDFAB00C3139E /* FirebaseAnalytics */,
				43C24FFD2B0DDFAB00C3139E /* FirebaseAuth */,
				43C24FFF2B0DDFAB00C3139E /* FirebaseAuthCombine-Community */,
				43C250012B0DDFAB00C3139E /* FirebaseCrashlytics */,
				43C250032B0DDFAB00C3139E /* FirebaseDatabase */,
				43C250052B0DDFAB00C3139E /* FirebaseDatabaseSwift */,
				43C250072B0DDFAB00C3139E /* FirebaseDynamicLinks */,
				43C250092B0DDFAB00C3139E /* FirebaseFirestore */,
				43C2500B2B0DDFAB00C3139E /* FirebaseFirestoreCombine-Community */,
				43C2500D2B0DDFAB00C3139E /* FirebaseFirestoreSwift */,
				43C2500F2B0DDFAB00C3139E /* FirebaseFunctions */,
				43C250112B0DDFAB00C3139E /* FirebaseFunctionsCombine-Community */,
				43C250132B0DDFAB00C3139E /* FirebaseInAppMessaging-Beta */,
				43C250152B0DDFAB00C3139E /* FirebaseInAppMessagingSwift-Beta */,
				43C250172B0DDFAB00C3139E /* FirebaseMessaging */,
				43C250192B0DDFAB00C3139E /* FirebasePerformance */,
				43C2501B2B0DDFAB00C3139E /* FirebaseRemoteConfig */,
				43C2501D2B0DDFAB00C3139E /* FirebaseRemoteConfigSwift */,
				43C2501F2B0DDFAB00C3139E /* FirebaseStorage */,
			);
			productName = Teamx;
			productReference = 43D82CC42AFC256B0032E0CA /* Teamx.app */;
			productType = "com.apple.product-type.application";
		};
/* End PBXNativeTarget section */

/* Begin PBXProject section */
		43D82CBC2AFC256B0032E0CA /* Project object */ = {
			isa = PBXProject;
			attributes = {
				BuildIndependentTargetsInParallel = 1;
				LastSwiftUpdateCheck = 1420;
				LastUpgradeCheck = 1420;
				TargetAttributes = {
					43D82CC32AFC256B0032E0CA = {
						CreatedOnToolsVersion = 14.2;
					};
				};
			};
			buildConfigurationList = 43D82CBF2AFC256B0032E0CA /* Build configuration list for PBXProject "Teamx" */;
			compatibilityVersion = "Xcode 14.0";
			developmentRegion = en;
			hasScannedForEncodings = 0;
			knownRegions = (
				en,
				Base,
			);
			mainGroup = 43D82CBB2AFC256B0032E0CA;
			packageReferences = (
				43C24FFA2B0DDFAB00C3139E /* XCRemoteSwiftPackageReference "firebase-ios-sdk" */,
			);
			productRefGroup = 43D82CC52AFC256B0032E0CA /* Products */;
			projectDirPath = "";
			projectRoot = "";
			targets = (
				43D82CC32AFC256B0032E0CA /* Teamx */,
			);
		};
/* End PBXProject section */

/* Begin PBXResourcesBuildPhase section */
		43D82CC22AFC256B0032E0CA /* Resources */ = {
			isa = PBXResourcesBuildPhase;
			buildActionMask = 2147483647;
			files = (
				43D82CCF2AFC25720032E0CA /* Preview Assets.xcassets in Resources */,
				43D82D1E2B051BA60032E0CA /* GoogleService-Info.plist in Resources */,
				43D82CCC2AFC25720032E0CA /* Assets.xcassets in Resources */,
			);
			runOnlyForDeploymentPostprocessing = 0;
		};
/* End PBXResourcesBuildPhase section */

/* Begin PBXSourcesBuildPhase section */
		43D82CC02AFC256B0032E0CA /* Sources */ = {
			isa = PBXSourcesBuildPhase;
			buildActionMask = 2147483647;
			files = (
				43C250322B0DE22200C3139E /* LocationHelper.swift in Sources */,
				43D82CE52B0515FA0032E0CA /* Club.swift in Sources */,
				43C250222B0DE14200C3139E /* MakeAPlayerView.swift in Sources */,
				43D82D262B0523630032E0CA /* JoinClubView.swift in Sources */,
				43C2502C2B0DE1E300C3139E /* PlayerView.swift in Sources */,
				43D82CE12B0515D90032E0CA /* PracticeSession.swift in Sources */,
				43D82CCA2AFC256B0032E0CA /* ContentView.swift in Sources */,
				43C250282B0DE1A600C3139E /* TeamView.swift in Sources */,
				43C250302B0DE20300C3139E /* PracticeView.swift in Sources */,
				43C2502A2B0DE1BE00C3139E /* ClubView.swift in Sources */,
				43D82D282B0523940032E0CA /* MakeAClubView.swift in Sources */,
				43C2502E2B0DE1F400C3139E /* ProfileView.swift in Sources */,
				43D82D212B051CF30032E0CA /* FireDBHelper.swift in Sources */,
				43C250262B0DE17E00C3139E /* CreatePracticeSession.swift in Sources */,
				43D82CE32B0515E40032E0CA /* Team.swift in Sources */,
				43C250242B0DE15C00C3139E /* CreateACoachView.swift in Sources */,
				43D82CDD2B0515BA0032E0CA /* Player.swift in Sources */,
				43D82CDF2B0515C90032E0CA /* Coach.swift in Sources */,
				43C250342B0DF48500C3139E /* LoginView.swift in Sources */,
				43D82CC82AFC256B0032E0CA /* TeamxApp.swift in Sources */,
				43C250362B0E078700C3139E /* AuthenticationHelper.swift in Sources */,
			);
			runOnlyForDeploymentPostprocessing = 0;
		};
/* End PBXSourcesBuildPhase section */

/* Begin XCBuildConfiguration section */
		43D82CD62AFC25720032E0CA /* Debug */ = {
			isa = XCBuildConfiguration;
			buildSettings = {
				ALWAYS_SEARCH_USER_PATHS = NO;
				CLANG_ANALYZER_NONNULL = YES;
				CLANG_ANALYZER_NUMBER_OBJECT_CONVERSION = YES_AGGRESSIVE;
				CLANG_CXX_LANGUAGE_STANDARD = "gnu++20";
				CLANG_ENABLE_MODULES = YES;
				CLANG_ENABLE_OBJC_ARC = YES;
				CLANG_ENABLE_OBJC_WEAK = YES;
				CLANG_WARN_BLOCK_CAPTURE_AUTORELEASING = YES;
				CLANG_WARN_BOOL_CONVERSION = YES;
				CLANG_WARN_COMMA = YES;
				CLANG_WARN_CONSTANT_CONVERSION = YES;
				CLANG_WARN_DEPRECATED_OBJC_IMPLEMENTATIONS = YES;
				CLANG_WARN_DIRECT_OBJC_ISA_USAGE = YES_ERROR;
				CLANG_WARN_DOCUMENTATION_COMMENTS = YES;
				CLANG_WARN_EMPTY_BODY = YES;
				CLANG_WARN_ENUM_CONVERSION = YES;
				CLANG_WARN_INFINITE_RECURSION = YES;
				CLANG_WARN_INT_CONVERSION = YES;
				CLANG_WARN_NON_LITERAL_NULL_CONVERSION = YES;
				CLANG_WARN_OBJC_IMPLICIT_RETAIN_SELF = YES;
				CLANG_WARN_OBJC_LITERAL_CONVERSION = YES;
				CLANG_WARN_OBJC_ROOT_CLASS = YES_ERROR;
				CLANG_WARN_QUOTED_INCLUDE_IN_FRAMEWORK_HEADER = YES;
				CLANG_WARN_RANGE_LOOP_ANALYSIS = YES;
				CLANG_WARN_STRICT_PROTOTYPES = YES;
				CLANG_WARN_SUSPICIOUS_MOVE = YES;
				CLANG_WARN_UNGUARDED_AVAILABILITY = YES_AGGRESSIVE;
				CLANG_WARN_UNREACHABLE_CODE = YES;
				CLANG_WARN__DUPLICATE_METHOD_MATCH = YES;
				COPY_PHASE_STRIP = NO;
				DEBUG_INFORMATION_FORMAT = dwarf;
				ENABLE_STRICT_OBJC_MSGSEND = YES;
				ENABLE_TESTABILITY = YES;
				GCC_C_LANGUAGE_STANDARD = gnu11;
				GCC_DYNAMIC_NO_PIC = NO;
				GCC_NO_COMMON_BLOCKS = YES;
				GCC_OPTIMIZATION_LEVEL = 0;
				GCC_PREPROCESSOR_DEFINITIONS = (
					"DEBUG=1",
					"$(inherited)",
				);
				GCC_WARN_64_TO_32_BIT_CONVERSION = YES;
				GCC_WARN_ABOUT_RETURN_TYPE = YES_ERROR;
				GCC_WARN_UNDECLARED_SELECTOR = YES;
				GCC_WARN_UNINITIALIZED_AUTOS = YES_AGGRESSIVE;
				GCC_WARN_UNUSED_FUNCTION = YES;
				GCC_WARN_UNUSED_VARIABLE = YES;
				IPHONEOS_DEPLOYMENT_TARGET = 16.2;
				MTL_ENABLE_DEBUG_INFO = INCLUDE_SOURCE;
				MTL_FAST_MATH = YES;
				ONLY_ACTIVE_ARCH = YES;
				SDKROOT = iphoneos;
				SWIFT_ACTIVE_COMPILATION_CONDITIONS = DEBUG;
				SWIFT_OPTIMIZATION_LEVEL = "-Onone";
			};
			name = Debug;
		};
		43D82CD72AFC25720032E0CA /* Release */ = {
			isa = XCBuildConfiguration;
			buildSettings = {
				ALWAYS_SEARCH_USER_PATHS = NO;
				CLANG_ANALYZER_NONNULL = YES;
				CLANG_ANALYZER_NUMBER_OBJECT_CONVERSION = YES_AGGRESSIVE;
				CLANG_CXX_LANGUAGE_STANDARD = "gnu++20";
				CLANG_ENABLE_MODULES = YES;
				CLANG_ENABLE_OBJC_ARC = YES;
				CLANG_ENABLE_OBJC_WEAK = YES;
				CLANG_WARN_BLOCK_CAPTURE_AUTORELEASING = YES;
				CLANG_WARN_BOOL_CONVERSION = YES;
				CLANG_WARN_COMMA = YES;
				CLANG_WARN_CONSTANT_CONVERSION = YES;
				CLANG_WARN_DEPRECATED_OBJC_IMPLEMENTATIONS = YES;
				CLANG_WARN_DIRECT_OBJC_ISA_USAGE = YES_ERROR;
				CLANG_WARN_DOCUMENTATION_COMMENTS = YES;
				CLANG_WARN_EMPTY_BODY = YES;
				CLANG_WARN_ENUM_CONVERSION = YES;
				CLANG_WARN_INFINITE_RECURSION = YES;
				CLANG_WARN_INT_CONVERSION = YES;
				CLANG_WARN_NON_LITERAL_NULL_CONVERSION = YES;
				CLANG_WARN_OBJC_IMPLICIT_RETAIN_SELF = YES;
				CLANG_WARN_OBJC_LITERAL_CONVERSION = YES;
				CLANG_WARN_OBJC_ROOT_CLASS = YES_ERROR;
				CLANG_WARN_QUOTED_INCLUDE_IN_FRAMEWORK_HEADER = YES;
				CLANG_WARN_RANGE_LOOP_ANALYSIS = YES;
				CLANG_WARN_STRICT_PROTOTYPES = YES;
				CLANG_WARN_SUSPICIOUS_MOVE = YES;
				CLANG_WARN_UNGUARDED_AVAILABILITY = YES_AGGRESSIVE;
				CLANG_WARN_UNREACHABLE_CODE = YES;
				CLANG_WARN__DUPLICATE_METHOD_MATCH = YES;
				COPY_PHASE_STRIP = NO;
				DEBUG_INFORMATION_FORMAT = "dwarf-with-dsym";
				ENABLE_NS_ASSERTIONS = NO;
				ENABLE_STRICT_OBJC_MSGSEND = YES;
				GCC_C_LANGUAGE_STANDARD = gnu11;
				GCC_NO_COMMON_BLOCKS = YES;
				GCC_WARN_64_TO_32_BIT_CONVERSION = YES;
				GCC_WARN_ABOUT_RETURN_TYPE = YES_ERROR;
				GCC_WARN_UNDECLARED_SELECTOR = YES;
				GCC_WARN_UNINITIALIZED_AUTOS = YES_AGGRESSIVE;
				GCC_WARN_UNUSED_FUNCTION = YES;
				GCC_WARN_UNUSED_VARIABLE = YES;
				IPHONEOS_DEPLOYMENT_TARGET = 16.2;
				MTL_ENABLE_DEBUG_INFO = NO;
				MTL_FAST_MATH = YES;
				SDKROOT = iphoneos;
				SWIFT_COMPILATION_MODE = wholemodule;
				SWIFT_OPTIMIZATION_LEVEL = "-O";
				VALIDATE_PRODUCT = YES;
			};
			name = Release;
		};
		43D82CD92AFC25720032E0CA /* Debug */ = {
			isa = XCBuildConfiguration;
			buildSettings = {
				ASSETCATALOG_COMPILER_APPICON_NAME = AppIcon;
				ASSETCATALOG_COMPILER_GLOBAL_ACCENT_COLOR_NAME = AccentColor;
				CODE_SIGN_STYLE = Automatic;
				CURRENT_PROJECT_VERSION = 1;
				DEVELOPMENT_ASSET_PATHS = "\"Teamx/Preview Content\"";
				DEVELOPMENT_TEAM = 25RK7NWU6X;
				ENABLE_PREVIEWS = YES;
				GENERATE_INFOPLIST_FILE = YES;
				INFOPLIST_KEY_UIApplicationSceneManifest_Generation = YES;
				INFOPLIST_KEY_UIApplicationSupportsIndirectInputEvents = YES;
				INFOPLIST_KEY_UILaunchScreen_Generation = YES;
				INFOPLIST_KEY_UISupportedInterfaceOrientations_iPad = "UIInterfaceOrientationPortrait UIInterfaceOrientationPortraitUpsideDown UIInterfaceOrientationLandscapeLeft UIInterfaceOrientationLandscapeRight";
				INFOPLIST_KEY_UISupportedInterfaceOrientations_iPhone = "UIInterfaceOrientationPortrait UIInterfaceOrientationLandscapeLeft UIInterfaceOrientationLandscapeRight";
				LD_RUNPATH_SEARCH_PATHS = (
					"$(inherited)",
					"@executable_path/Frameworks",
				);
				MARKETING_VERSION = 1.0;
				PRODUCT_BUNDLE_IDENTIFIER = sheridan.baingurb.Teamx;
				PRODUCT_NAME = "$(TARGET_NAME)";
				SWIFT_EMIT_LOC_STRINGS = YES;
				SWIFT_VERSION = 5.0;
				TARGETED_DEVICE_FAMILY = "1,2";
			};
			name = Debug;
		};
		43D82CDA2AFC25720032E0CA /* Release */ = {
			isa = XCBuildConfiguration;
			buildSettings = {
				ASSETCATALOG_COMPILER_APPICON_NAME = AppIcon;
				ASSETCATALOG_COMPILER_GLOBAL_ACCENT_COLOR_NAME = AccentColor;
				CODE_SIGN_STYLE = Automatic;
				CURRENT_PROJECT_VERSION = 1;
				DEVELOPMENT_ASSET_PATHS = "\"Teamx/Preview Content\"";
				DEVELOPMENT_TEAM = 25RK7NWU6X;
				ENABLE_PREVIEWS = YES;
				GENERATE_INFOPLIST_FILE = YES;
				INFOPLIST_KEY_UIApplicationSceneManifest_Generation = YES;
				INFOPLIST_KEY_UIApplicationSupportsIndirectInputEvents = YES;
				INFOPLIST_KEY_UILaunchScreen_Generation = YES;
				INFOPLIST_KEY_UISupportedInterfaceOrientations_iPad = "UIInterfaceOrientationPortrait UIInterfaceOrientationPortraitUpsideDown UIInterfaceOrientationLandscapeLeft UIInterfaceOrientationLandscapeRight";
				INFOPLIST_KEY_UISupportedInterfaceOrientations_iPhone = "UIInterfaceOrientationPortrait UIInterfaceOrientationLandscapeLeft UIInterfaceOrientationLandscapeRight";
				LD_RUNPATH_SEARCH_PATHS = (
					"$(inherited)",
					"@executable_path/Frameworks",
				);
				MARKETING_VERSION = 1.0;
				PRODUCT_BUNDLE_IDENTIFIER = sheridan.baingurb.Teamx;
				PRODUCT_NAME = "$(TARGET_NAME)";
				SWIFT_EMIT_LOC_STRINGS = YES;
				SWIFT_VERSION = 5.0;
				TARGETED_DEVICE_FAMILY = "1,2";
			};
			name = Release;
		};
/* End XCBuildConfiguration section */

/* Begin XCConfigurationList section */
		43D82CBF2AFC256B0032E0CA /* Build configuration list for PBXProject "Teamx" */ = {
			isa = XCConfigurationList;
			buildConfigurations = (
				43D82CD62AFC25720032E0CA /* Debug */,
				43D82CD72AFC25720032E0CA /* Release */,
			);
			defaultConfigurationIsVisible = 0;
			defaultConfigurationName = Release;
		};
		43D82CD82AFC25720032E0CA /* Build configuration list for PBXNativeTarget "Teamx" */ = {
			isa = XCConfigurationList;
			buildConfigurations = (
				43D82CD92AFC25720032E0CA /* Debug */,
				43D82CDA2AFC25720032E0CA /* Release */,
			);
			defaultConfigurationIsVisible = 0;
			defaultConfigurationName = Release;
		};
/* End XCConfigurationList section */

/* Begin XCRemoteSwiftPackageReference section */
		43C24FFA2B0DDFAB00C3139E /* XCRemoteSwiftPackageReference "firebase-ios-sdk" */ = {
			isa = XCRemoteSwiftPackageReference;
			repositoryURL = "https://github.com/firebase/firebase-ios-sdk";
			requirement = {
				branch = master;
				kind = branch;
			};
		};
/* End XCRemoteSwiftPackageReference section */

/* Begin XCSwiftPackageProductDependency section */
		43C24FFB2B0DDFAB00C3139E /* FirebaseAnalytics */ = {
			isa = XCSwiftPackageProductDependency;
			package = 43C24FFA2B0DDFAB00C3139E /* XCRemoteSwiftPackageReference "firebase-ios-sdk" */;
			productName = FirebaseAnalytics;
		};
		43C24FFD2B0DDFAB00C3139E /* FirebaseAuth */ = {
			isa = XCSwiftPackageProductDependency;
			package = 43C24FFA2B0DDFAB00C3139E /* XCRemoteSwiftPackageReference "firebase-ios-sdk" */;
			productName = FirebaseAuth;
		};
		43C24FFF2B0DDFAB00C3139E /* FirebaseAuthCombine-Community */ = {
			isa = XCSwiftPackageProductDependency;
			package = 43C24FFA2B0DDFAB00C3139E /* XCRemoteSwiftPackageReference "firebase-ios-sdk" */;
			productName = "FirebaseAuthCombine-Community";
		};
		43C250012B0DDFAB00C3139E /* FirebaseCrashlytics */ = {
			isa = XCSwiftPackageProductDependency;
			package = 43C24FFA2B0DDFAB00C3139E /* XCRemoteSwiftPackageReference "firebase-ios-sdk" */;
			productName = FirebaseCrashlytics;
		};
		43C250032B0DDFAB00C3139E /* FirebaseDatabase */ = {
			isa = XCSwiftPackageProductDependency;
			package = 43C24FFA2B0DDFAB00C3139E /* XCRemoteSwiftPackageReference "firebase-ios-sdk" */;
			productName = FirebaseDatabase;
		};
		43C250052B0DDFAB00C3139E /* FirebaseDatabaseSwift */ = {
			isa = XCSwiftPackageProductDependency;
			package = 43C24FFA2B0DDFAB00C3139E /* XCRemoteSwiftPackageReference "firebase-ios-sdk" */;
			productName = FirebaseDatabaseSwift;
		};
		43C250072B0DDFAB00C3139E /* FirebaseDynamicLinks */ = {
			isa = XCSwiftPackageProductDependency;
			package = 43C24FFA2B0DDFAB00C3139E /* XCRemoteSwiftPackageReference "firebase-ios-sdk" */;
			productName = FirebaseDynamicLinks;
		};
		43C250092B0DDFAB00C3139E /* FirebaseFirestore */ = {
			isa = XCSwiftPackageProductDependency;
			package = 43C24FFA2B0DDFAB00C3139E /* XCRemoteSwiftPackageReference "firebase-ios-sdk" */;
			productName = FirebaseFirestore;
		};
		43C2500B2B0DDFAB00C3139E /* FirebaseFirestoreCombine-Community */ = {
			isa = XCSwiftPackageProductDependency;
			package = 43C24FFA2B0DDFAB00C3139E /* XCRemoteSwiftPackageReference "firebase-ios-sdk" */;
			productName = "FirebaseFirestoreCombine-Community";
		};
		43C2500D2B0DDFAB00C3139E /* FirebaseFirestoreSwift */ = {
			isa = XCSwiftPackageProductDependency;
			package = 43C24FFA2B0DDFAB00C3139E /* XCRemoteSwiftPackageReference "firebase-ios-sdk" */;
			productName = FirebaseFirestoreSwift;
		};
		43C2500F2B0DDFAB00C3139E /* FirebaseFunctions */ = {
			isa = XCSwiftPackageProductDependency;
			package = 43C24FFA2B0DDFAB00C3139E /* XCRemoteSwiftPackageReference "firebase-ios-sdk" */;
			productName = FirebaseFunctions;
		};
		43C250112B0DDFAB00C3139E /* FirebaseFunctionsCombine-Community */ = {
			isa = XCSwiftPackageProductDependency;
			package = 43C24FFA2B0DDFAB00C3139E /* XCRemoteSwiftPackageReference "firebase-ios-sdk" */;
			productName = "FirebaseFunctionsCombine-Community";
		};
		43C250132B0DDFAB00C3139E /* FirebaseInAppMessaging-Beta */ = {
			isa = XCSwiftPackageProductDependency;
			package = 43C24FFA2B0DDFAB00C3139E /* XCRemoteSwiftPackageReference "firebase-ios-sdk" */;
			productName = "FirebaseInAppMessaging-Beta";
		};
		43C250152B0DDFAB00C3139E /* FirebaseInAppMessagingSwift-Beta */ = {
			isa = XCSwiftPackageProductDependency;
			package = 43C24FFA2B0DDFAB00C3139E /* XCRemoteSwiftPackageReference "firebase-ios-sdk" */;
			productName = "FirebaseInAppMessagingSwift-Beta";
		};
		43C250172B0DDFAB00C3139E /* FirebaseMessaging */ = {
			isa = XCSwiftPackageProductDependency;
			package = 43C24FFA2B0DDFAB00C3139E /* XCRemoteSwiftPackageReference "firebase-ios-sdk" */;
			productName = FirebaseMessaging;
		};
		43C250192B0DDFAB00C3139E /* FirebasePerformance */ = {
			isa = XCSwiftPackageProductDependency;
			package = 43C24FFA2B0DDFAB00C3139E /* XCRemoteSwiftPackageReference "firebase-ios-sdk" */;
			productName = FirebasePerformance;
		};
		43C2501B2B0DDFAB00C3139E /* FirebaseRemoteConfig */ = {
			isa = XCSwiftPackageProductDependency;
			package = 43C24FFA2B0DDFAB00C3139E /* XCRemoteSwiftPackageReference "firebase-ios-sdk" */;
			productName = FirebaseRemoteConfig;
		};
		43C2501D2B0DDFAB00C3139E /* FirebaseRemoteConfigSwift */ = {
			isa = XCSwiftPackageProductDependency;
			package = 43C24FFA2B0DDFAB00C3139E /* XCRemoteSwiftPackageReference "firebase-ios-sdk" */;
			productName = FirebaseRemoteConfigSwift;
		};
		43C2501F2B0DDFAB00C3139E /* FirebaseStorage */ = {
			isa = XCSwiftPackageProductDependency;
			package = 43C24FFA2B0DDFAB00C3139E /* XCRemoteSwiftPackageReference "firebase-ios-sdk" */;
			productName = FirebaseStorage;
		};
/* End XCSwiftPackageProductDependency section */
	};
	rootObject = 43D82CBC2AFC256B0032E0CA /* Project object */;
}
